
Microsoft Visual Studio Solution File, Format Version 12.00
# Visual Studio Version 17
VisualStudioVersion = 17.0.32002.185
MinimumVisualStudioVersion = 10.0.40219.1
Project("{FAE04EC0-301F-11D3-BF4B-00C04F79EFBC}") = "Recorder.Android", "Recorder\Recorder.Android\Recorder.Android.csproj", "{FA87C539-1554-4DE1-BF85-9DAA41798109}"
EndProject
Project("{FAE04EC0-301F-11D3-BF4B-00C04F79EFBC}") = "Recorder.iOS", "Recorder\Recorder.iOS\Recorder.iOS.csproj", "{8477DAD2-D6AD-4BE2-84A1-96980691CE8D}"
EndProject
Project("{FAE04EC0-301F-11D3-BF4B-00C04F79EFBC}") = "Recorder", "Recorder\Recorder\Recorder.csproj", "{E1F5A897-7248-4CF3-A08A-D204A31F3679}"
EndProject
Global
	GlobalSection(SolutionConfigurationPlatforms) = preSolution
		Debug|Any CPU = Debug|Any CPU
		Debug|iPhone = Debug|iPhone
		Debug|iPhoneSimulator = Debug|iPhoneSimulator
		Release|Any CPU = Release|Any CPU
		Release|iPhone = Release|iPhone
		Release|iPhoneSimulator = Release|iPhoneSimulator
	EndGlobalSection
	GlobalSection(ProjectConfigurationPlatforms) = postSolution
		{FA87C539-1554-4DE1-BF85-9DAA41798109}.Debug|Any CPU.ActiveCfg = Debug|Any CPU
		{FA87C539-1554-4DE1-BF85-9DAA41798109}.Debug|Any CPU.Build.0 = Debug|Any CPU
		{FA87C539-1554-4DE1-BF85-9DAA41798109}.Debug|Any CPU.Deploy.0 = Debug|Any CPU
		{FA87C539-1554-4DE1-BF85-9DAA41798109}.Debug|iPhone.ActiveCfg = Debug|Any CPU
		{FA87C539-1554-4DE1-BF85-9DAA41798109}.Debug|iPhone.Build.0 = Debug|Any CPU
		{FA87C539-1554-4DE1-BF85-9DAA41798109}.Debug|iPhone.Deploy.0 = Debug|Any CPU
		{FA87C539-1554-4DE1-BF85-9DAA41798109}.Debug|iPhoneSimulator.ActiveCfg = Debug|Any CPU
		{FA87C539-1554-4DE1-BF85-9DAA41798109}.Debug|iPhoneSimulator.Build.0 = Debug|Any CPU
		{FA87C539-1554-4DE1-BF85-9DAA41798109}.Debug|iPhoneSimulator.Deploy.0 = Debug|Any CPU
		{FA87C539-1554-4DE1-BF85-9DAA41798109}.Release|Any CPU.ActiveCfg = Release|Any CPU
		{FA87C539-1554-4DE1-BF85-9DAA41798109}.Release|Any CPU.Build.0 = Release|Any CPU
		{FA87C539-1554-4DE1-BF85-9DAA41798109}.Release|Any CPU.Deploy.0 = Release|Any CPU
		{FA87C539-1554-4DE1-BF85-9DAA41798109}.Release|iPhone.ActiveCfg = Release|Any CPU
		{FA87C539-1554-4DE1-BF85-9DAA41798109}.Release|iPhone.Build.0 = Release|Any CPU
		{FA87C539-1554-4DE1-BF85-9DAA41798109}.Release|iPhone.Deploy.0 = Release|Any CPU
		{FA87C539-1554-4DE1-BF85-9DAA41798109}.Release|iPhoneSimulator.ActiveCfg = Release|Any CPU
		{FA87C539-1554-4DE1-BF85-9DAA41798109}.Release|iPhoneSimulator.Build.0 = Release|Any CPU
		{FA87C539-1554-4DE1-BF85-9DAA41798109}.Release|iPhoneSimulator.Deploy.0 = Release|Any CPU
		{8477DAD2-D6AD-4BE2-84A1-96980691CE8D}.Debug|Any CPU.ActiveCfg = Debug|iPhone
		{8477DAD2-D6AD-4BE2-84A1-96980691CE8D}.Debug|Any CPU.Build.0 = Debug|iPhone
		{8477DAD2-D6AD-4BE2-84A1-96980691CE8D}.Debug|Any CPU.Deploy.0 = Debug|iPhone
		{8477DAD2-D6AD-4BE2-84A1-96980691CE8D}.Debug|iPhone.ActiveCfg = Debug|iPhone
		{8477DAD2-D6AD-4BE2-84A1-96980691CE8D}.Debug|iPhone.Build.0 = Debug|iPhone
		{8477DAD2-D6AD-4BE2-84A1-96980691CE8D}.Debug|iPhone.Deploy.0 = Debug|iPhone
		{8477DAD2-D6AD-4BE2-84A1-96980691CE8D}.Debug|iPhoneSimulator.ActiveCfg = Debug|iPhoneSimulator
		{8477DAD2-D6AD-4BE2-84A1-96980691CE8D}.Debug|iPhoneSimulator.Build.0 = Debug|iPhoneSimulator
		{8477DAD2-D6AD-4BE2-84A1-96980691CE8D}.Debug|iPhoneSimulator.Deploy.0 = Debug|iPhoneSimulator
		{8477DAD2-D6AD-4BE2-84A1-96980691CE8D}.Release|Any CPU.ActiveCfg = Release|iPhoneSimulator
		{8477DAD2-D6AD-4BE2-84A1-96980691CE8D}.Release|Any CPU.Build.0 = Release|iPhoneSimulator
		{8477DAD2-D6AD-4BE2-84A1-96980691CE8D}.Release|Any CPU.Deploy.0 = Release|iPhoneSimulator
		{8477DAD2-D6AD-4BE2-84A1-96980691CE8D}.Release|iPhone.ActiveCfg = Release|iPhone
		{8477DAD2-D6AD-4BE2-84A1-96980691CE8D}.Release|iPhone.Build.0 = Release|iPhone
		{8477DAD2-D6AD-4BE2-84A1-96980691CE8D}.Release|iPhone.Deploy.0 = Release|iPhone
		{8477DAD2-D6AD-4BE2-84A1-96980691CE8D}.Release|iPhoneSimulator.ActiveCfg = Release|iPhoneSimulator
		{8477DAD2-D6AD-4BE2-84A1-96980691CE8D}.Release|iPhoneSimulator.Build.0 = Release|iPhoneSimulator
		{8477DAD2-D6AD-4BE2-84A1-96980691CE8D}.Release|iPhoneSimulator.Deploy.0 = Release|iPhoneSimulator
		{E1F5A897-7248-4CF3-A08A-D204A31F3679}.Debug|Any CPU.ActiveCfg = Debug|Any CPU
		{E1F5A897-7248-4CF3-A08A-D204A31F3679}.Debug|Any CPU.Build.0 = Debug|Any CPU
		{E1F5A897-7248-4CF3-A08A-D204A31F3679}.Debug|Any CPU.Deploy.0 = Debug|Any CPU
		{E1F5A897-7248-4CF3-A08A-D204A31F3679}.Debug|iPhone.ActiveCfg = Debug|Any CPU
		{E1F5A897-7248-4CF3-A08A-D204A31F3679}.Debug|iPhone.Build.0 = Debug|Any CPU
		{E1F5A897-7248-4CF3-A08A-D204A31F3679}.Debug|iPhone.Deploy.0 = Debug|Any CPU
		{E1F5A897-7248-4CF3-A08A-D204A31F3679}.Debug|iPhoneSimulator.ActiveCfg = Debug|Any CPU
		{E1F5A897-7248-4CF3-A08A-D204A31F3679}.Debug|iPhoneSimulator.Build.0 = Debug|Any CPU
		{E1F5A897-7248-4CF3-A08A-D204A31F3679}.Debug|iPhoneSimulator.Deploy.0 = Debug|Any CPU
		{E1F5A897-7248-4CF3-A08A-D204A31F3679}.Release|Any CPU.ActiveCfg = Release|Any CPU
		{E1F5A897-7248-4CF3-A08A-D204A31F3679}.Release|Any CPU.Build.0 = Release|Any CPU
		{E1F5A897-7248-4CF3-A08A-D204A31F3679}.Release|Any CPU.Deploy.0 = Release|Any CPU
		{E1F5A897-7248-4CF3-A08A-D204A31F3679}.Release|iPhone.ActiveCfg = Release|Any CPU
		{E1F5A897-7248-4CF3-A08A-D204A31F3679}.Release|iPhone.Build.0 = Release|Any CPU
		{E1F5A897-7248-4CF3-A08A-D204A31F3679}.Release|iPhone.Deploy.0 = Release|Any CPU
		{E1F5A897-7248-4CF3-A08A-D204A31F3679}.Release|iPhoneSimulator.ActiveCfg = Release|Any CPU
		{E1F5A897-7248-4CF3-A08A-D204A31F3679}.Release|iPhoneSimulator.Build.0 = Release|Any CPU
		{E1F5A897-7248-4CF3-A08A-D204A31F3679}.Release|iPhoneSimulator.Deploy.0 = Release|Any CPU
	EndGlobalSection
	GlobalSection(SolutionProperties) = preSolution
		HideSolutionNode = FALSE
	EndGlobalSection
	GlobalSection(ExtensibilityGlobals) = postSolution
		SolutionGuid = {50F1A040-CE99-4217-9C36-1A2BC62A1960}
	EndGlobalSection
EndGlobal
